
Microsoft Visual Studio Solution File, Format Version 12.00
# Visual Studio Version 16
VisualStudioVersion = 16.6.30114.105
MinimumVisualStudioVersion = 10.0.40219.1
Project("{2150E333-8FDC-42A3-9474-1A3956D46DE8}") = ".paket", ".paket", "{53ED9EB8-B51A-4A43-82D8-0DC96AD4926F}"
	ProjectSection(SolutionItems) = preProject
		..\paket.dependencies = ..\paket.dependencies
	EndProjectSection
EndProject
Project("{F2A71F9B-5D33-465A-A702-920D77279786}") = "MyFirstFSharpApp", "MyFirstFSharpApp\MyFirstFSharpApp.fsproj", "{D3D1727D-DE0A-49FC-BD05-A2828FB4D182}"
EndProject
Project("{F2A71F9B-5D33-465A-A702-920D77279786}") = "CountWords", "CountWords\CountWords.fsproj", "{1123B20D-7FB4-4E54-8103-8279859A9688}"
EndProject
Global
	GlobalSection(SolutionConfigurationPlatforms) = preSolution
		Debug|Any CPU = Debug|Any CPU
		Debug|x64 = Debug|x64
		Debug|x86 = Debug|x86
		Release|Any CPU = Release|Any CPU
		Release|x64 = Release|x64
		Release|x86 = Release|x86
	EndGlobalSection
	GlobalSection(SolutionProperties) = preSolution
		HideSolutionNode = FALSE
	EndGlobalSection
	GlobalSection(ProjectConfigurationPlatforms) = postSolution
		{D3D1727D-DE0A-49FC-BD05-A2828FB4D182}.Debug|Any CPU.ActiveCfg = Debug|Any CPU
		{D3D1727D-DE0A-49FC-BD05-A2828FB4D182}.Debug|Any CPU.Build.0 = Debug|Any CPU
		{D3D1727D-DE0A-49FC-BD05-A2828FB4D182}.Debug|x64.ActiveCfg = Debug|Any CPU
		{D3D1727D-DE0A-49FC-BD05-A2828FB4D182}.Debug|x64.Build.0 = Debug|Any CPU
		{D3D1727D-DE0A-49FC-BD05-A2828FB4D182}.Debug|x86.ActiveCfg = Debug|Any CPU
		{D3D1727D-DE0A-49FC-BD05-A2828FB4D182}.Debug|x86.Build.0 = Debug|Any CPU
		{D3D1727D-DE0A-49FC-BD05-A2828FB4D182}.Release|Any CPU.ActiveCfg = Release|Any CPU
		{D3D1727D-DE0A-49FC-BD05-A2828FB4D182}.Release|Any CPU.Build.0 = Release|Any CPU
		{D3D1727D-DE0A-49FC-BD05-A2828FB4D182}.Release|x64.ActiveCfg = Release|Any CPU
		{D3D1727D-DE0A-49FC-BD05-A2828FB4D182}.Release|x64.Build.0 = Release|Any CPU
		{D3D1727D-DE0A-49FC-BD05-A2828FB4D182}.Release|x86.ActiveCfg = Release|Any CPU
		{D3D1727D-DE0A-49FC-BD05-A2828FB4D182}.Release|x86.Build.0 = Release|Any CPU
		{1123B20D-7FB4-4E54-8103-8279859A9688}.Debug|Any CPU.ActiveCfg = Debug|Any CPU
		{1123B20D-7FB4-4E54-8103-8279859A9688}.Debug|Any CPU.Build.0 = Debug|Any CPU
		{1123B20D-7FB4-4E54-8103-8279859A9688}.Debug|x64.ActiveCfg = Debug|Any CPU
		{1123B20D-7FB4-4E54-8103-8279859A9688}.Debug|x64.Build.0 = Debug|Any CPU
		{1123B20D-7FB4-4E54-8103-8279859A9688}.Debug|x86.ActiveCfg = Debug|Any CPU
		{1123B20D-7FB4-4E54-8103-8279859A9688}.Debug|x86.Build.0 = Debug|Any CPU
		{1123B20D-7FB4-4E54-8103-8279859A9688}.Release|Any CPU.ActiveCfg = Release|Any CPU
		{1123B20D-7FB4-4E54-8103-8279859A9688}.Release|Any CPU.Build.0 = Release|Any CPU
		{1123B20D-7FB4-4E54-8103-8279859A9688}.Release|x64.ActiveCfg = Release|Any CPU
		{1123B20D-7FB4-4E54-8103-8279859A9688}.Release|x64.Build.0 = Release|Any CPU
		{1123B20D-7FB4-4E54-8103-8279859A9688}.Release|x86.ActiveCfg = Release|Any CPU
		{1123B20D-7FB4-4E54-8103-8279859A9688}.Release|x86.Build.0 = Release|Any CPU
	EndGlobalSection
EndGlobal
