
Microsoft Visual Studio Solution File, Format Version 12.00
# Visual Studio Version 16
VisualStudioVersion = 16.6.30114.105
MinimumVisualStudioVersion = 10.0.40219.1
Project("{2150E333-8FDC-42A3-9474-1A3956D46DE8}") = ".paket", ".paket", "{4EE57F70-7DE0-472E-9FF0-E654403FD0F2}"
	ProjectSection(SolutionItems) = preProject
		..\paket.dependencies = ..\paket.dependencies
	EndProjectSection
EndProject
Project("{F2A71F9B-5D33-465A-A702-920D77279786}") = "FSharpBrowser", "FSharpBrowser\FSharpBrowser.fsproj", "{912DC95B-BE2E-405E-B919-60F9792B9B25}"
EndProject
Global
	GlobalSection(SolutionProperties) = preSolution
		HideSolutionNode = FALSE
	EndGlobalSection
	GlobalSection(SolutionConfigurationPlatforms) = preSolution
		Debug|Any CPU = Debug|Any CPU
		Debug|x64 = Debug|x64
		Debug|x86 = Debug|x86
		Release|Any CPU = Release|Any CPU
		Release|x64 = Release|x64
		Release|x86 = Release|x86
	EndGlobalSection
	GlobalSection(ProjectConfigurationPlatforms) = postSolution
		{CCDCEAB5-B149-4532-9AEE-2F58D3BF7AC8}.Debug|Any CPU.ActiveCfg = Debug|Any CPU
		{CCDCEAB5-B149-4532-9AEE-2F58D3BF7AC8}.Debug|Any CPU.Build.0 = Debug|Any CPU
		{CCDCEAB5-B149-4532-9AEE-2F58D3BF7AC8}.Debug|x64.ActiveCfg = Debug|Any CPU
		{CCDCEAB5-B149-4532-9AEE-2F58D3BF7AC8}.Debug|x64.Build.0 = Debug|Any CPU
		{CCDCEAB5-B149-4532-9AEE-2F58D3BF7AC8}.Debug|x86.ActiveCfg = Debug|Any CPU
		{CCDCEAB5-B149-4532-9AEE-2F58D3BF7AC8}.Debug|x86.Build.0 = Debug|Any CPU
		{CCDCEAB5-B149-4532-9AEE-2F58D3BF7AC8}.Release|Any CPU.ActiveCfg = Release|Any CPU
		{CCDCEAB5-B149-4532-9AEE-2F58D3BF7AC8}.Release|Any CPU.Build.0 = Release|Any CPU
		{CCDCEAB5-B149-4532-9AEE-2F58D3BF7AC8}.Release|x64.ActiveCfg = Release|Any CPU
		{CCDCEAB5-B149-4532-9AEE-2F58D3BF7AC8}.Release|x64.Build.0 = Release|Any CPU
		{CCDCEAB5-B149-4532-9AEE-2F58D3BF7AC8}.Release|x86.ActiveCfg = Release|Any CPU
		{CCDCEAB5-B149-4532-9AEE-2F58D3BF7AC8}.Release|x86.Build.0 = Release|Any CPU
		{912DC95B-BE2E-405E-B919-60F9792B9B25}.Debug|Any CPU.ActiveCfg = Debug|Any CPU
		{912DC95B-BE2E-405E-B919-60F9792B9B25}.Debug|Any CPU.Build.0 = Debug|Any CPU
		{912DC95B-BE2E-405E-B919-60F9792B9B25}.Debug|x64.ActiveCfg = Debug|Any CPU
		{912DC95B-BE2E-405E-B919-60F9792B9B25}.Debug|x64.Build.0 = Debug|Any CPU
		{912DC95B-BE2E-405E-B919-60F9792B9B25}.Debug|x86.ActiveCfg = Debug|Any CPU
		{912DC95B-BE2E-405E-B919-60F9792B9B25}.Debug|x86.Build.0 = Debug|Any CPU
		{912DC95B-BE2E-405E-B919-60F9792B9B25}.Release|Any CPU.ActiveCfg = Release|Any CPU
		{912DC95B-BE2E-405E-B919-60F9792B9B25}.Release|Any CPU.Build.0 = Release|Any CPU
		{912DC95B-BE2E-405E-B919-60F9792B9B25}.Release|x64.ActiveCfg = Release|Any CPU
		{912DC95B-BE2E-405E-B919-60F9792B9B25}.Release|x64.Build.0 = Release|Any CPU
		{912DC95B-BE2E-405E-B919-60F9792B9B25}.Release|x86.ActiveCfg = Release|Any CPU
		{912DC95B-BE2E-405E-B919-60F9792B9B25}.Release|x86.Build.0 = Release|Any CPU
	EndGlobalSection
EndGlobal
