
Microsoft Visual Studio Solution File, Format Version 12.00
# Visual Studio Version 16
VisualStudioVersion = 16.0.31129.286
MinimumVisualStudioVersion = 10.0.40219.1
Project("{2150E333-8FDC-42A3-9474-1A3956D46DE8}") = ".paket", ".paket", "{F16F024A-1274-4DD3-9C6E-29D4299E8FAC}"
	ProjectSection(SolutionItems) = preProject
		..\..\paket.dependencies = ..\..\paket.dependencies
	EndProjectSection
EndProject
Project("{FAE04EC0-301F-11D3-BF4B-00C04F79EFBC}") = "LessonCS07", "LessonCS07\LessonCS07.csproj", "{302B148D-FFD9-4B4D-BEDA-46F33F718ED6}"
EndProject
Global
	GlobalSection(SolutionConfigurationPlatforms) = preSolution
		Debug|Any CPU = Debug|Any CPU
		Release|Any CPU = Release|Any CPU
	EndGlobalSection
	GlobalSection(ProjectConfigurationPlatforms) = postSolution
		{302B148D-FFD9-4B4D-BEDA-46F33F718ED6}.Debug|Any CPU.ActiveCfg = Debug|Any CPU
		{302B148D-FFD9-4B4D-BEDA-46F33F718ED6}.Debug|Any CPU.Build.0 = Debug|Any CPU
		{302B148D-FFD9-4B4D-BEDA-46F33F718ED6}.Release|Any CPU.ActiveCfg = Release|Any CPU
		{302B148D-FFD9-4B4D-BEDA-46F33F718ED6}.Release|Any CPU.Build.0 = Release|Any CPU
	EndGlobalSection
	GlobalSection(SolutionProperties) = preSolution
		HideSolutionNode = FALSE
	EndGlobalSection
	GlobalSection(ExtensibilityGlobals) = postSolution
		SolutionGuid = {3EF628AE-55ED-4C0A-96A8-3B42454934F5}
	EndGlobalSection
EndGlobal
