
Microsoft Visual Studio Solution File, Format Version 12.00
# Visual Studio Version 16
VisualStudioVersion = 16.0.30114.105
MinimumVisualStudioVersion = 10.0.40219.1
Project("{2150E333-8FDC-42A3-9474-1A3956D46DE8}") = ".paket", ".paket", "{E7BA5DF7-0DD7-484B-B300-374C8A5C135B}"
	ProjectSection(SolutionItems) = preProject
		..\paket.dependencies = ..\paket.dependencies
	EndProjectSection
EndProject
Project("{F2A71F9B-5D33-465A-A702-920D77279786}") = "Capstone3", "Capstone3\Capstone3.fsproj", "{D0E19C88-8821-4664-BE61-207FE8618536}"
EndProject
Global
	GlobalSection(SolutionConfigurationPlatforms) = preSolution
		Debug|Any CPU = Debug|Any CPU
		Release|Any CPU = Release|Any CPU
	EndGlobalSection
	GlobalSection(SolutionProperties) = preSolution
		HideSolutionNode = FALSE
	EndGlobalSection
	GlobalSection(ProjectConfigurationPlatforms) = postSolution
		{D0E19C88-8821-4664-BE61-207FE8618536}.Debug|Any CPU.ActiveCfg = Debug|Any CPU
		{D0E19C88-8821-4664-BE61-207FE8618536}.Debug|Any CPU.Build.0 = Debug|Any CPU
		{D0E19C88-8821-4664-BE61-207FE8618536}.Release|Any CPU.ActiveCfg = Release|Any CPU
		{D0E19C88-8821-4664-BE61-207FE8618536}.Release|Any CPU.Build.0 = Release|Any CPU
	EndGlobalSection
EndGlobal
