
Microsoft Visual Studio Solution File, Format Version 12.00
# Visual Studio Version 17
VisualStudioVersion = 17.0.31919.166
MinimumVisualStudioVersion = 10.0.40219.1
Project("{6EC3EE1D-3C4E-46DD-8F32-0CC8E7565705}") = "Core", "Core\Core.fsproj", "{A9EECCB3-F5BD-43AB-BA23-0FEEF24E56FE}"
EndProject
Project("{2150E333-8FDC-42A3-9474-1A3956D46DE8}") = "Solution Items", "Solution Items", "{D5B436F1-9068-459C-B90C-20C47B844F66}"
	ProjectSection(SolutionItems) = preProject
		readme.txt = readme.txt
	EndProjectSection
EndProject
Project("{FAE04EC0-301F-11D3-BF4B-00C04F79EFBC}") = "WpfClient", "WpfClient\WpfClient.csproj", "{436C01B4-5FCE-42DF-835D-0264E35AC10C}"
EndProject
Global
	GlobalSection(SolutionConfigurationPlatforms) = preSolution
		Debug|Any CPU = Debug|Any CPU
		Release|Any CPU = Release|Any CPU
	EndGlobalSection
	GlobalSection(ProjectConfigurationPlatforms) = postSolution
		{A9EECCB3-F5BD-43AB-BA23-0FEEF24E56FE}.Debug|Any CPU.ActiveCfg = Debug|Any CPU
		{A9EECCB3-F5BD-43AB-BA23-0FEEF24E56FE}.Debug|Any CPU.Build.0 = Debug|Any CPU
		{A9EECCB3-F5BD-43AB-BA23-0FEEF24E56FE}.Release|Any CPU.ActiveCfg = Release|Any CPU
		{A9EECCB3-F5BD-43AB-BA23-0FEEF24E56FE}.Release|Any CPU.Build.0 = Release|Any CPU
		{436C01B4-5FCE-42DF-835D-0264E35AC10C}.Debug|Any CPU.ActiveCfg = Debug|Any CPU
		{436C01B4-5FCE-42DF-835D-0264E35AC10C}.Debug|Any CPU.Build.0 = Debug|Any CPU
		{436C01B4-5FCE-42DF-835D-0264E35AC10C}.Release|Any CPU.ActiveCfg = Release|Any CPU
		{436C01B4-5FCE-42DF-835D-0264E35AC10C}.Release|Any CPU.Build.0 = Release|Any CPU
	EndGlobalSection
	GlobalSection(SolutionProperties) = preSolution
		HideSolutionNode = FALSE
	EndGlobalSection
	GlobalSection(ExtensibilityGlobals) = postSolution
		SolutionGuid = {A919F29A-A8E9-4E2B-BBF0-7198AE1ACB72}
	EndGlobalSection
EndGlobal
