
Microsoft Visual Studio Solution File, Format Version 12.00
# Visual Studio Version 17
VisualStudioVersion = 17.0.31919.166
MinimumVisualStudioVersion = 10.0.40219.1
Project("{6EC3EE1D-3C4E-46DD-8F32-0CC8E7565705}") = "Core", "Core\Core.fsproj", "{74752847-F186-493E-8D07-61E8A789A705}"
EndProject
Project("{9A19103F-16F7-4668-BE54-9A1E7A4F7556}") = "WpfClient", "WpfClient\WpfClient.csproj", "{B5E10E8A-004C-4696-99B9-EB93D63A8B7E}"
EndProject
Global
	GlobalSection(SolutionConfigurationPlatforms) = preSolution
		Debug|Any CPU = Debug|Any CPU
		Release|Any CPU = Release|Any CPU
	EndGlobalSection
	GlobalSection(ProjectConfigurationPlatforms) = postSolution
		{74752847-F186-493E-8D07-61E8A789A705}.Debug|Any CPU.ActiveCfg = Debug|Any CPU
		{74752847-F186-493E-8D07-61E8A789A705}.Debug|Any CPU.Build.0 = Debug|Any CPU
		{74752847-F186-493E-8D07-61E8A789A705}.Release|Any CPU.ActiveCfg = Release|Any CPU
		{74752847-F186-493E-8D07-61E8A789A705}.Release|Any CPU.Build.0 = Release|Any CPU
		{B5E10E8A-004C-4696-99B9-EB93D63A8B7E}.Debug|Any CPU.ActiveCfg = Debug|Any CPU
		{B5E10E8A-004C-4696-99B9-EB93D63A8B7E}.Debug|Any CPU.Build.0 = Debug|Any CPU
		{B5E10E8A-004C-4696-99B9-EB93D63A8B7E}.Release|Any CPU.ActiveCfg = Release|Any CPU
		{B5E10E8A-004C-4696-99B9-EB93D63A8B7E}.Release|Any CPU.Build.0 = Release|Any CPU
	EndGlobalSection
	GlobalSection(SolutionProperties) = preSolution
		HideSolutionNode = FALSE
	EndGlobalSection
	GlobalSection(ExtensibilityGlobals) = postSolution
		SolutionGuid = {88FAB2E1-63CB-4D05-B7D6-B5F114D2667C}
	EndGlobalSection
EndGlobal
