
Microsoft Visual Studio Solution File, Format Version 12.00
# Visual Studio Version 17
VisualStudioVersion = 17.0.32014.148
MinimumVisualStudioVersion = 10.0.40219.1
Project("{6EC3EE1D-3C4E-46DD-8F32-0CC8E7565705}") = "Chapter07", "Chapter07.fsproj", "{9180B2B7-9731-40D6-B60A-C8BC9E9215E9}"
EndProject
Global
	GlobalSection(SolutionConfigurationPlatforms) = preSolution
		Debug|Any CPU = Debug|Any CPU
		Release|Any CPU = Release|Any CPU
	EndGlobalSection
	GlobalSection(ProjectConfigurationPlatforms) = postSolution
		{9180B2B7-9731-40D6-B60A-C8BC9E9215E9}.Debug|Any CPU.ActiveCfg = Debug|Any CPU
		{9180B2B7-9731-40D6-B60A-C8BC9E9215E9}.Debug|Any CPU.Build.0 = Debug|Any CPU
		{9180B2B7-9731-40D6-B60A-C8BC9E9215E9}.Release|Any CPU.ActiveCfg = Release|Any CPU
		{9180B2B7-9731-40D6-B60A-C8BC9E9215E9}.Release|Any CPU.Build.0 = Release|Any CPU
	EndGlobalSection
	GlobalSection(SolutionProperties) = preSolution
		HideSolutionNode = FALSE
	EndGlobalSection
	GlobalSection(ExtensibilityGlobals) = postSolution
		SolutionGuid = {38E7C573-E240-4AA0-8C03-19C6124E51B9}
	EndGlobalSection
EndGlobal
