
Microsoft Visual Studio Solution File, Format Version 12.00
# Visual Studio Version 17
VisualStudioVersion = 17.0.31919.166
MinimumVisualStudioVersion = 10.0.40219.1
Project("{2150E333-8FDC-42A3-9474-1A3956D46DE8}") = ".paket", ".paket", "{C62B7A9F-4FE6-4D72-A5FA-86344A36B8BA}"
	ProjectSection(SolutionItems) = preProject
		..\paket.dependencies = ..\paket.dependencies
	EndProjectSection
EndProject
Project("{2150E333-8FDC-42A3-9474-1A3956D46DE8}") = "Solution Items", "Solution Items", "{BBE7CA3F-0081-40CE-9F33-E732EACACC3C}"
	ProjectSection(SolutionItems) = preProject
		Lesson26.fsx = Lesson26.fsx
		quick_check.txt = quick_check.txt
		readme.txt = readme.txt
	EndProjectSection
EndProject
Project("{F2A71F9B-5D33-465A-A702-920D77279786}") = "NugetFSharp", "NugetFSharp\NugetFSharp.fsproj", "{3B4099EA-7B15-4013-A4C9-85C24AA7533B}"
EndProject
Global
	GlobalSection(SolutionConfigurationPlatforms) = preSolution
		Debug|Any CPU = Debug|Any CPU
		Release|Any CPU = Release|Any CPU
	EndGlobalSection
	GlobalSection(ProjectConfigurationPlatforms) = postSolution
		{3B4099EA-7B15-4013-A4C9-85C24AA7533B}.Debug|Any CPU.ActiveCfg = Debug|Any CPU
		{3B4099EA-7B15-4013-A4C9-85C24AA7533B}.Debug|Any CPU.Build.0 = Debug|Any CPU
		{3B4099EA-7B15-4013-A4C9-85C24AA7533B}.Release|Any CPU.ActiveCfg = Release|Any CPU
		{3B4099EA-7B15-4013-A4C9-85C24AA7533B}.Release|Any CPU.Build.0 = Release|Any CPU
	EndGlobalSection
	GlobalSection(SolutionProperties) = preSolution
		HideSolutionNode = FALSE
	EndGlobalSection
	GlobalSection(ExtensibilityGlobals) = postSolution
		SolutionGuid = {20116570-A3E9-4C17-8432-E722668C50D3}
	EndGlobalSection
EndGlobal
